{
  "name": "homebridge-hik-alerts",
  "version": "2.0.0",
  "lockfileVersion": 2,
  "requires": true,
  "packages": {
    "": {
      "name": "homebridge-hik-alerts",
      "version": "2.0.0",
      "license": "MIT",
      "dependencies": {
        "jsdom": ">=18.0.0",
        "node-xml-stream": ">=1.0.0",
        "np": "^7.5.0"
      },
      "engines": {
        "homebridge": ">=0.4.50",
        "node": ">=12.13.0"
      }
    }
}
